
Microsoft Visual Studio Solution File, Format Version 12.00
# Visual Studio Version 17
VisualStudioVersion = 17.4.33205.214
MinimumVisualStudioVersion = 10.0.40219.1
Project("{FAE04EC0-301F-11D3-BF4B-00C04F79EFBC}") = "Session-03", "Session-03\Session-03.csproj", "{0A57A4DD-BFA2-425E-98A6-689753C1FACD}"
EndProject
Global
	GlobalSection(SolutionConfigurationPlatforms) = preSolution
		Debug|Any CPU = Debug|Any CPU
		Release|Any CPU = Release|Any CPU
	EndGlobalSection
	GlobalSection(ProjectConfigurationPlatforms) = postSolution
		{0A57A4DD-BFA2-425E-98A6-689753C1FACD}.Debug|Any CPU.ActiveCfg = Debug|Any CPU
		{0A57A4DD-BFA2-425E-98A6-689753C1FACD}.Debug|Any CPU.Build.0 = Debug|Any CPU
		{0A57A4DD-BFA2-425E-98A6-689753C1FACD}.Release|Any CPU.ActiveCfg = Release|Any CPU
		{0A57A4DD-BFA2-425E-98A6-689753C1FACD}.Release|Any CPU.Build.0 = Release|Any CPU
	EndGlobalSection
	GlobalSection(SolutionProperties) = preSolution
		HideSolutionNode = FALSE
	EndGlobalSection
	GlobalSection(ExtensibilityGlobals) = postSolution
		SolutionGuid = {B352B186-D46B-4BAE-B030-62112DB9DD65}
	EndGlobalSection
EndGlobal
