
Microsoft Visual Studio Solution File, Format Version 12.00
# Visual Studio Version 17
VisualStudioVersion = 17.4.33205.214
MinimumVisualStudioVersion = 10.0.40219.1
Project("{FAE04EC0-301F-11D3-BF4B-00C04F79EFBC}") = "Session 09-2", "Session 09-2\Session 09-2.csproj", "{8A1B0E38-CB5E-4F51-AA49-22127796982A}"
EndProject
Global
	GlobalSection(SolutionConfigurationPlatforms) = preSolution
		Debug|Any CPU = Debug|Any CPU
		Release|Any CPU = Release|Any CPU
	EndGlobalSection
	GlobalSection(ProjectConfigurationPlatforms) = postSolution
		{8A1B0E38-CB5E-4F51-AA49-22127796982A}.Debug|Any CPU.ActiveCfg = Debug|Any CPU
		{8A1B0E38-CB5E-4F51-AA49-22127796982A}.Debug|Any CPU.Build.0 = Debug|Any CPU
		{8A1B0E38-CB5E-4F51-AA49-22127796982A}.Release|Any CPU.ActiveCfg = Release|Any CPU
		{8A1B0E38-CB5E-4F51-AA49-22127796982A}.Release|Any CPU.Build.0 = Release|Any CPU
	EndGlobalSection
	GlobalSection(SolutionProperties) = preSolution
		HideSolutionNode = FALSE
	EndGlobalSection
	GlobalSection(ExtensibilityGlobals) = postSolution
		SolutionGuid = {DBAE3452-62BF-4537-B0FC-E2325F33EDB8}
	EndGlobalSection
EndGlobal
